
Microsoft Visual Studio Solution File, Format Version 12.00
# Visual Studio Version 17
VisualStudioVersion = 17.14.36109.1 d17.14
MinimumVisualStudioVersion = 10.0.40219.1
Project("{FAE04EC0-301F-11D3-BF4B-00C04F79EFBC}") = "Exer04", "Exer04\Exer04.csproj", "{FAAF3BBF-BF19-4ABF-81BB-88B2A16B8A9E}"
EndProject
Global
	GlobalSection(SolutionConfigurationPlatforms) = preSolution
		Debug|Any CPU = Debug|Any CPU
		Release|Any CPU = Release|Any CPU
	EndGlobalSection
	GlobalSection(ProjectConfigurationPlatforms) = postSolution
		{FAAF3BBF-BF19-4ABF-81BB-88B2A16B8A9E}.Debug|Any CPU.ActiveCfg = Debug|Any CPU
		{FAAF3BBF-BF19-4ABF-81BB-88B2A16B8A9E}.Debug|Any CPU.Build.0 = Debug|Any CPU
		{FAAF3BBF-BF19-4ABF-81BB-88B2A16B8A9E}.Release|Any CPU.ActiveCfg = Release|Any CPU
		{FAAF3BBF-BF19-4ABF-81BB-88B2A16B8A9E}.Release|Any CPU.Build.0 = Release|Any CPU
	EndGlobalSection
	GlobalSection(SolutionProperties) = preSolution
		HideSolutionNode = FALSE
	EndGlobalSection
	GlobalSection(ExtensibilityGlobals) = postSolution
		SolutionGuid = {F5B50620-1536-4869-9D3C-9EC76924B4A6}
	EndGlobalSection
EndGlobal
