
Microsoft Visual Studio Solution File, Format Version 12.00
# Visual Studio Version 17
VisualStudioVersion = 17.14.36109.1 d17.14
MinimumVisualStudioVersion = 10.0.40219.1
Project("{FAE04EC0-301F-11D3-BF4B-00C04F79EFBC}") = "Exer06", "Exer06\Exer06.csproj", "{2BEF1BBA-9ECA-42BC-9051-E3A5DE51C07A}"
EndProject
Global
	GlobalSection(SolutionConfigurationPlatforms) = preSolution
		Debug|Any CPU = Debug|Any CPU
		Release|Any CPU = Release|Any CPU
	EndGlobalSection
	GlobalSection(ProjectConfigurationPlatforms) = postSolution
		{2BEF1BBA-9ECA-42BC-9051-E3A5DE51C07A}.Debug|Any CPU.ActiveCfg = Debug|Any CPU
		{2BEF1BBA-9ECA-42BC-9051-E3A5DE51C07A}.Debug|Any CPU.Build.0 = Debug|Any CPU
		{2BEF1BBA-9ECA-42BC-9051-E3A5DE51C07A}.Release|Any CPU.ActiveCfg = Release|Any CPU
		{2BEF1BBA-9ECA-42BC-9051-E3A5DE51C07A}.Release|Any CPU.Build.0 = Release|Any CPU
	EndGlobalSection
	GlobalSection(SolutionProperties) = preSolution
		HideSolutionNode = FALSE
	EndGlobalSection
	GlobalSection(ExtensibilityGlobals) = postSolution
		SolutionGuid = {2437863F-3F2A-4393-833C-C6E2E08005DB}
	EndGlobalSection
EndGlobal
